
Microsoft Visual Studio Solution File, Format Version 12.00
# Visual Studio Version 17
VisualStudioVersion = 17.5.33530.505
MinimumVisualStudioVersion = 10.0.40219.1
Project("{FAE04EC0-301F-11D3-BF4B-00C04F79EFBC}") = "01-Criacao-de-aplicacao-web-com-asp.net-core", "1.Criacao-de-aplicacao-web-com-asp.net-core\01-Criacao-de-aplicacao-web-com-asp.net-core\01-Criacao-de-aplicacao-web-com-asp.net-core.csproj", "{A051149C-E900-4BB0-8E4C-4FDB106F651A}"
EndProject
Global
	GlobalSection(SolutionConfigurationPlatforms) = preSolution
		Debug|Any CPU = Debug|Any CPU
		Release|Any CPU = Release|Any CPU
	EndGlobalSection
	GlobalSection(ProjectConfigurationPlatforms) = postSolution
		{A051149C-E900-4BB0-8E4C-4FDB106F651A}.Debug|Any CPU.ActiveCfg = Debug|Any CPU
		{A051149C-E900-4BB0-8E4C-4FDB106F651A}.Debug|Any CPU.Build.0 = Debug|Any CPU
		{A051149C-E900-4BB0-8E4C-4FDB106F651A}.Release|Any CPU.ActiveCfg = Release|Any CPU
		{A051149C-E900-4BB0-8E4C-4FDB106F651A}.Release|Any CPU.Build.0 = Release|Any CPU
	EndGlobalSection
	GlobalSection(SolutionProperties) = preSolution
		HideSolutionNode = FALSE
	EndGlobalSection
	GlobalSection(ExtensibilityGlobals) = postSolution
		SolutionGuid = {0FCF74CB-2D30-41A0-BD8C-C3B8EF04D7A4}
	EndGlobalSection
EndGlobal
